
Microsoft Visual Studio Solution File, Format Version 12.00
# Visual Studio Version 16
VisualStudioVersion = 16.0.31205.134
MinimumVisualStudioVersion = 10.0.40219.1
Project("{2150E333-8FDC-42A3-9474-1A3956D46DE8}") = "CleanArch.Application", "CleanArch.Application", "{5EE98A19-0C0B-4DBC-9CFA-FFCD51364682}"
EndProject
Project("{2150E333-8FDC-42A3-9474-1A3956D46DE8}") = "CleanArch.Domain", "CleanArch.Domain", "{D5489C3C-DA61-4221-8B99-93FE1A88B950}"
EndProject
Project("{2150E333-8FDC-42A3-9474-1A3956D46DE8}") = "CleanArch.Infra.IoC", "CleanArch.Infra.IoC", "{8647093A-EF1D-45F9-ACEE-388B36BDAB1E}"
EndProject
Project("{2150E333-8FDC-42A3-9474-1A3956D46DE8}") = "CleanArch.Infra.Data", "CleanArch.Infra.Data", "{D44BFC20-1E40-461C-8AB2-E4EDF8CAC1AB}"
EndProject
Project("{2150E333-8FDC-42A3-9474-1A3956D46DE8}") = "CleanArch.UI", "CleanArch.UI", "{6F1CA2DF-D06B-4EA0-8A1F-B5F7A60BE1C2}"
EndProject
Project("{9A19103F-16F7-4668-BE54-9A1E7A4F7556}") = "CleanArch.WebApi", "CleanArch.WebApi\CleanArch.WebApi.csproj", "{A896EFF3-5E89-4F38-B49C-81AB0D62A8F4}"
EndProject
Project("{9A19103F-16F7-4668-BE54-9A1E7A4F7556}") = "CleanArch.Domain", "CleanArch.Domain\CleanArch.Domain.csproj", "{8C06DFE0-CF14-4819-A8E4-75D776B97A91}"
EndProject
Project("{9A19103F-16F7-4668-BE54-9A1E7A4F7556}") = "CleanArch.Infra.Data", "CleanArch.Infra.Data\CleanArch.Infra.Data.csproj", "{70D0E5E3-4A41-4A00-A859-0CDFC910E859}"
EndProject
Project("{9A19103F-16F7-4668-BE54-9A1E7A4F7556}") = "CleanArch.Application", "CleanArch.Application\CleanArch.Application.csproj", "{E08DA07A-7C71-4824-8749-72DE11A89FA4}"
EndProject
Project("{9A19103F-16F7-4668-BE54-9A1E7A4F7556}") = "CleanArch.Infra.IoC", "CleanArch.Infra.IoC\CleanArch.Infra.IoC.csproj", "{5800774E-B37A-492B-A071-5771A745104F}"
EndProject
Global
	GlobalSection(SolutionConfigurationPlatforms) = preSolution
		Debug|Any CPU = Debug|Any CPU
		Release|Any CPU = Release|Any CPU
	EndGlobalSection
	GlobalSection(ProjectConfigurationPlatforms) = postSolution
		{A896EFF3-5E89-4F38-B49C-81AB0D62A8F4}.Debug|Any CPU.ActiveCfg = Debug|Any CPU
		{A896EFF3-5E89-4F38-B49C-81AB0D62A8F4}.Debug|Any CPU.Build.0 = Debug|Any CPU
		{A896EFF3-5E89-4F38-B49C-81AB0D62A8F4}.Release|Any CPU.ActiveCfg = Release|Any CPU
		{A896EFF3-5E89-4F38-B49C-81AB0D62A8F4}.Release|Any CPU.Build.0 = Release|Any CPU
		{8C06DFE0-CF14-4819-A8E4-75D776B97A91}.Debug|Any CPU.ActiveCfg = Debug|Any CPU
		{8C06DFE0-CF14-4819-A8E4-75D776B97A91}.Debug|Any CPU.Build.0 = Debug|Any CPU
		{8C06DFE0-CF14-4819-A8E4-75D776B97A91}.Release|Any CPU.ActiveCfg = Release|Any CPU
		{8C06DFE0-CF14-4819-A8E4-75D776B97A91}.Release|Any CPU.Build.0 = Release|Any CPU
		{70D0E5E3-4A41-4A00-A859-0CDFC910E859}.Debug|Any CPU.ActiveCfg = Debug|Any CPU
		{70D0E5E3-4A41-4A00-A859-0CDFC910E859}.Debug|Any CPU.Build.0 = Debug|Any CPU
		{70D0E5E3-4A41-4A00-A859-0CDFC910E859}.Release|Any CPU.ActiveCfg = Release|Any CPU
		{70D0E5E3-4A41-4A00-A859-0CDFC910E859}.Release|Any CPU.Build.0 = Release|Any CPU
		{E08DA07A-7C71-4824-8749-72DE11A89FA4}.Debug|Any CPU.ActiveCfg = Debug|Any CPU
		{E08DA07A-7C71-4824-8749-72DE11A89FA4}.Debug|Any CPU.Build.0 = Debug|Any CPU
		{E08DA07A-7C71-4824-8749-72DE11A89FA4}.Release|Any CPU.ActiveCfg = Release|Any CPU
		{E08DA07A-7C71-4824-8749-72DE11A89FA4}.Release|Any CPU.Build.0 = Release|Any CPU
		{5800774E-B37A-492B-A071-5771A745104F}.Debug|Any CPU.ActiveCfg = Debug|Any CPU
		{5800774E-B37A-492B-A071-5771A745104F}.Debug|Any CPU.Build.0 = Debug|Any CPU
		{5800774E-B37A-492B-A071-5771A745104F}.Release|Any CPU.ActiveCfg = Release|Any CPU
		{5800774E-B37A-492B-A071-5771A745104F}.Release|Any CPU.Build.0 = Release|Any CPU
	EndGlobalSection
	GlobalSection(SolutionProperties) = preSolution
		HideSolutionNode = FALSE
	EndGlobalSection
	GlobalSection(NestedProjects) = preSolution
		{A896EFF3-5E89-4F38-B49C-81AB0D62A8F4} = {6F1CA2DF-D06B-4EA0-8A1F-B5F7A60BE1C2}
		{8C06DFE0-CF14-4819-A8E4-75D776B97A91} = {D5489C3C-DA61-4221-8B99-93FE1A88B950}
		{70D0E5E3-4A41-4A00-A859-0CDFC910E859} = {D44BFC20-1E40-461C-8AB2-E4EDF8CAC1AB}
		{E08DA07A-7C71-4824-8749-72DE11A89FA4} = {5EE98A19-0C0B-4DBC-9CFA-FFCD51364682}
		{5800774E-B37A-492B-A071-5771A745104F} = {8647093A-EF1D-45F9-ACEE-388B36BDAB1E}
	EndGlobalSection
	GlobalSection(ExtensibilityGlobals) = postSolution
		SolutionGuid = {6A515DEA-C67A-40FE-8B00-BCAFE2D9D1FE}
	EndGlobalSection
EndGlobal
